
Microsoft Visual Studio Solution File, Format Version 12.00
# Visual Studio Version 16
VisualStudioVersion = 16.0.30413.136
MinimumVisualStudioVersion = 10.0.40219.1
Project("{FAE04EC0-301F-11D3-BF4B-00C04F79EFBC}") = "NewSerilogApplication", "NewSerilogApplication\NewSerilogApplication.csproj", "{0DFED244-7A9C-4FCC-B567-CCA47D57B946}"
EndProject
Global
	GlobalSection(SolutionConfigurationPlatforms) = preSolution
		Debug|Any CPU = Debug|Any CPU
		Release|Any CPU = Release|Any CPU
	EndGlobalSection
	GlobalSection(ProjectConfigurationPlatforms) = postSolution
		{0DFED244-7A9C-4FCC-B567-CCA47D57B946}.Debug|Any CPU.ActiveCfg = Debug|Any CPU
		{0DFED244-7A9C-4FCC-B567-CCA47D57B946}.Debug|Any CPU.Build.0 = Debug|Any CPU
		{0DFED244-7A9C-4FCC-B567-CCA47D57B946}.Release|Any CPU.ActiveCfg = Release|Any CPU
		{0DFED244-7A9C-4FCC-B567-CCA47D57B946}.Release|Any CPU.Build.0 = Release|Any CPU
	EndGlobalSection
	GlobalSection(SolutionProperties) = preSolution
		HideSolutionNode = FALSE
	EndGlobalSection
	GlobalSection(ExtensibilityGlobals) = postSolution
		SolutionGuid = {7C8A8EB1-4115-4019-BA08-F0C18AEA3066}
	EndGlobalSection
EndGlobal
